{"is_source_file": false, "format": "", "description": "", "external_files": [], "external_methods": [], "published": [], "classes": [], "methods": [], "calls": [], "search-terms": [], "state": 2, "file_id": 2, "knowledge_revision": 22, "git_revision": "316c6cde3d3f314f95cfddf17ab60784657e736c", "hash": "9c4ed7ef73e22b872b8055bec08b8979", "format-version": 4, "code-base-name": "default", "filename": "visionassist_frontend/post_process_status.lock", "revision_history": [{"22": "316c6cde3d3f314f95cfddf17ab60784657e736c"}]}